
Microsoft Visual Studio Solution File, Format Version 12.00
# Visual Studio Version 17
VisualStudioVersion = 17.8.34330.188
MinimumVisualStudioVersion = 10.0.40219.1
Project("{9A19103F-16F7-4668-BE54-9A1E7A4F7556}") = "CarBookingDiagnostics", "CarBookingDiagnostics\CarBookingDiagnostics.csproj", "{A9B09CD5-29C7-432B-A989-DB8E8D418E18}"
EndProject
Global
	GlobalSection(SolutionConfigurationPlatforms) = preSolution
		Debug|Any CPU = Debug|Any CPU
		Release|Any CPU = Release|Any CPU
	EndGlobalSection
	GlobalSection(ProjectConfigurationPlatforms) = postSolution
		{A9B09CD5-29C7-432B-A989-DB8E8D418E18}.Debug|Any CPU.ActiveCfg = Debug|Any CPU
		{A9B09CD5-29C7-432B-A989-DB8E8D418E18}.Debug|Any CPU.Build.0 = Debug|Any CPU
		{A9B09CD5-29C7-432B-A989-DB8E8D418E18}.Release|Any CPU.ActiveCfg = Release|Any CPU
		{A9B09CD5-29C7-432B-A989-DB8E8D418E18}.Release|Any CPU.Build.0 = Release|Any CPU
	EndGlobalSection
	GlobalSection(SolutionProperties) = preSolution
		HideSolutionNode = FALSE
	EndGlobalSection
	GlobalSection(ExtensibilityGlobals) = postSolution
		SolutionGuid = {9D1C7E9D-8179-4F91-B87B-B3C737BF4F86}
	EndGlobalSection
EndGlobal
